// !$*UTF8*$!
{
	archiveVersion = 1;
	classes = {
	};
	objectVersion = 56;
	objects = {

/* Begin PBXBuildFile section */
		F92423072C2D614B00C45D20 /* App693App.swift in Sources */ = {isa = PBXBuildFile; fileRef = F92423062C2D614B00C45D20 /* App693App.swift */; };
		F92423092C2D614B00C45D20 /* ContentView.swift in Sources */ = {isa = PBXBuildFile; fileRef = F92423082C2D614B00C45D20 /* ContentView.swift */; };
		F924230B2C2D614D00C45D20 /* Assets.xcassets in Resources */ = {isa = PBXBuildFile; fileRef = F924230A2C2D614D00C45D20 /* Assets.xcassets */; };
		F924230E2C2D614D00C45D20 /* Preview Assets.xcassets in Resources */ = {isa = PBXBuildFile; fileRef = F924230D2C2D614D00C45D20 /* Preview Assets.xcassets */; };
		F92423152C2D615A00C45D20 /* Launch Screen.storyboard in Resources */ = {isa = PBXBuildFile; fileRef = F92423142C2D615A00C45D20 /* Launch Screen.storyboard */; };
		F92423182C2D616D00C45D20 /* LoadingView.swift in Sources */ = {isa = PBXBuildFile; fileRef = F92423172C2D616D00C45D20 /* LoadingView.swift */; };
		F924231B2C2D617600C45D20 /* s320.swift in Sources */ = {isa = PBXBuildFile; fileRef = F924231A2C2D617600C45D20 /* s320.swift */; };
		F924231D2C2D617900C45D20 /* w83129.swift in Sources */ = {isa = PBXBuildFile; fileRef = F924231C2C2D617900C45D20 /* w83129.swift */; };
		F924231F2C2D617D00C45D20 /* d3129.swift in Sources */ = {isa = PBXBuildFile; fileRef = F924231E2C2D617D00C45D20 /* d3129.swift */; };
		F92423242C2D618D00C45D20 /* Reviewers_1.swift in Sources */ = {isa = PBXBuildFile; fileRef = F92423232C2D618D00C45D20 /* Reviewers_1.swift */; };
		F92423262C2D619000C45D20 /* Reviewers_2.swift in Sources */ = {isa = PBXBuildFile; fileRef = F92423252C2D619000C45D20 /* Reviewers_2.swift */; };
		F92423282C2D619500C45D20 /* Users_1.swift in Sources */ = {isa = PBXBuildFile; fileRef = F92423272C2D619500C45D20 /* Users_1.swift */; };
		F924232A2C2D61A200C45D20 /* Users_2.swift in Sources */ = {isa = PBXBuildFile; fileRef = F92423292C2D61A200C45D20 /* Users_2.swift */; };
		F924232C2C2D61A500C45D20 /* Users_3.swift in Sources */ = {isa = PBXBuildFile; fileRef = F924232B2C2D61A500C45D20 /* Users_3.swift */; };
/* End PBXBuildFile section */

/* Begin PBXFileReference section */
		F92423032C2D614B00C45D20 /* App693.app */ = {isa = PBXFileReference; explicitFileType = wrapper.application; includeInIndex = 0; path = App693.app; sourceTree = BUILT_PRODUCTS_DIR; };
		F92423062C2D614B00C45D20 /* App693App.swift */ = {isa = PBXFileReference; lastKnownFileType = sourcecode.swift; path = App693App.swift; sourceTree = "<group>"; };
		F92423082C2D614B00C45D20 /* ContentView.swift */ = {isa = PBXFileReference; lastKnownFileType = sourcecode.swift; path = ContentView.swift; sourceTree = "<group>"; };
		F924230A2C2D614D00C45D20 /* Assets.xcassets */ = {isa = PBXFileReference; lastKnownFileType = folder.assetcatalog; path = Assets.xcassets; sourceTree = "<group>"; };
		F924230D2C2D614D00C45D20 /* Preview Assets.xcassets */ = {isa = PBXFileReference; lastKnownFileType = folder.assetcatalog; path = "Preview Assets.xcassets"; sourceTree = "<group>"; };
		F92423142C2D615A00C45D20 /* Launch Screen.storyboard */ = {isa = PBXFileReference; lastKnownFileType = file.storyboard; path = "Launch Screen.storyboard"; sourceTree = "<group>"; };
		F92423172C2D616D00C45D20 /* LoadingView.swift */ = {isa = PBXFileReference; lastKnownFileType = sourcecode.swift; path = LoadingView.swift; sourceTree = "<group>"; };
		F924231A2C2D617600C45D20 /* s320.swift */ = {isa = PBXFileReference; lastKnownFileType = sourcecode.swift; path = s320.swift; sourceTree = "<group>"; };
		F924231C2C2D617900C45D20 /* w83129.swift */ = {isa = PBXFileReference; lastKnownFileType = sourcecode.swift; path = w83129.swift; sourceTree = "<group>"; };
		F924231E2C2D617D00C45D20 /* d3129.swift */ = {isa = PBXFileReference; lastKnownFileType = sourcecode.swift; path = d3129.swift; sourceTree = "<group>"; };
		F92423232C2D618D00C45D20 /* Reviewers_1.swift */ = {isa = PBXFileReference; lastKnownFileType = sourcecode.swift; path = Reviewers_1.swift; sourceTree = "<group>"; };
		F92423252C2D619000C45D20 /* Reviewers_2.swift */ = {isa = PBXFileReference; lastKnownFileType = sourcecode.swift; path = Reviewers_2.swift; sourceTree = "<group>"; };
		F92423272C2D619500C45D20 /* Users_1.swift */ = {isa = PBXFileReference; lastKnownFileType = sourcecode.swift; path = Users_1.swift; sourceTree = "<group>"; };
		F92423292C2D61A200C45D20 /* Users_2.swift */ = {isa = PBXFileReference; lastKnownFileType = sourcecode.swift; path = Users_2.swift; sourceTree = "<group>"; };
		F924232B2C2D61A500C45D20 /* Users_3.swift */ = {isa = PBXFileReference; lastKnownFileType = sourcecode.swift; path = Users_3.swift; sourceTree = "<group>"; };
/* End PBXFileReference section */

/* Begin PBXFrameworksBuildPhase section */
		F92423002C2D614B00C45D20 /* Frameworks */ = {
			isa = PBXFrameworksBuildPhase;
			buildActionMask = 2147483647;
			files = (
			);
			runOnlyForDeploymentPostprocessing = 0;
		};
/* End PBXFrameworksBuildPhase section */

/* Begin PBXGroup section */
		F92422FA2C2D614B00C45D20 = {
			isa = PBXGroup;
			children = (
				F92423052C2D614B00C45D20 /* App693 */,
				F92423042C2D614B00C45D20 /* Products */,
			);
			sourceTree = "<group>";
		};
		F92423042C2D614B00C45D20 /* Products */ = {
			isa = PBXGroup;
			children = (
				F92423032C2D614B00C45D20 /* App693.app */,
			);
			name = Products;
			sourceTree = "<group>";
		};
		F92423052C2D614B00C45D20 /* App693 */ = {
			isa = PBXGroup;
			children = (
				F92423062C2D614B00C45D20 /* App693App.swift */,
				F92423082C2D614B00C45D20 /* ContentView.swift */,
				F92423162C2D616700C45D20 /* Project */,
				F92423142C2D615A00C45D20 /* Launch Screen.storyboard */,
				F924230A2C2D614D00C45D20 /* Assets.xcassets */,
				F924230C2C2D614D00C45D20 /* Preview Content */,
			);
			path = App693;
			sourceTree = "<group>";
		};
		F924230C2C2D614D00C45D20 /* Preview Content */ = {
			isa = PBXGroup;
			children = (
				F924230D2C2D614D00C45D20 /* Preview Assets.xcassets */,
			);
			path = "Preview Content";
			sourceTree = "<group>";
		};
		F92423162C2D616700C45D20 /* Project */ = {
			isa = PBXGroup;
			children = (
				F92423192C2D617000C45D20 /* Extensuons */,
				F92423172C2D616D00C45D20 /* LoadingView.swift */,
				F92423202C2D617F00C45D20 /* Onboardings */,
			);
			path = Project;
			sourceTree = "<group>";
		};
		F92423192C2D617000C45D20 /* Extensuons */ = {
			isa = PBXGroup;
			children = (
				F924231A2C2D617600C45D20 /* s320.swift */,
				F924231C2C2D617900C45D20 /* w83129.swift */,
				F924231E2C2D617D00C45D20 /* d3129.swift */,
			);
			path = Extensuons;
			sourceTree = "<group>";
		};
		F92423202C2D617F00C45D20 /* Onboardings */ = {
			isa = PBXGroup;
			children = (
				F92423222C2D618800C45D20 /* Reviewers */,
				F92423212C2D618500C45D20 /* Users */,
			);
			path = Onboardings;
			sourceTree = "<group>";
		};
		F92423212C2D618500C45D20 /* Users */ = {
			isa = PBXGroup;
			children = (
				F92423272C2D619500C45D20 /* Users_1.swift */,
				F92423292C2D61A200C45D20 /* Users_2.swift */,
				F924232B2C2D61A500C45D20 /* Users_3.swift */,
			);
			path = Users;
			sourceTree = "<group>";
		};
		F92423222C2D618800C45D20 /* Reviewers */ = {
			isa = PBXGroup;
			children = (
				F92423232C2D618D00C45D20 /* Reviewers_1.swift */,
				F92423252C2D619000C45D20 /* Reviewers_2.swift */,
			);
			path = Reviewers;
			sourceTree = "<group>";
		};
/* End PBXGroup section */

/* Begin PBXNativeTarget section */
		F92423022C2D614B00C45D20 /* App693 */ = {
			isa = PBXNativeTarget;
			buildConfigurationList = F92423112C2D614D00C45D20 /* Build configuration list for PBXNativeTarget "App693" */;
			buildPhases = (
				F92422FF2C2D614B00C45D20 /* Sources */,
				F92423002C2D614B00C45D20 /* Frameworks */,
				F92423012C2D614B00C45D20 /* Resources */,
			);
			buildRules = (
			);
			dependencies = (
			);
			name = App693;
			productName = App693;
			productReference = F92423032C2D614B00C45D20 /* App693.app */;
			productType = "com.apple.product-type.application";
		};
/* End PBXNativeTarget section */

/* Begin PBXProject section */
		F92422FB2C2D614B00C45D20 /* Project object */ = {
			isa = PBXProject;
			attributes = {
				BuildIndependentTargetsInParallel = 1;
				LastSwiftUpdateCheck = 1530;
				LastUpgradeCheck = 1530;
				TargetAttributes = {
					F92423022C2D614B00C45D20 = {
						CreatedOnToolsVersion = 15.3;
					};
				};
			};
			buildConfigurationList = F92422FE2C2D614B00C45D20 /* Build configuration list for PBXProject "App693" */;
			compatibilityVersion = "Xcode 14.0";
			developmentRegion = en;
			hasScannedForEncodings = 0;
			knownRegions = (
				en,
				Base,
			);
			mainGroup = F92422FA2C2D614B00C45D20;
			productRefGroup = F92423042C2D614B00C45D20 /* Products */;
			projectDirPath = "";
			projectRoot = "";
			targets = (
				F92423022C2D614B00C45D20 /* App693 */,
			);
		};
/* End PBXProject section */

/* Begin PBXResourcesBuildPhase section */
		F92423012C2D614B00C45D20 /* Resources */ = {
			isa = PBXResourcesBuildPhase;
			buildActionMask = 2147483647;
			files = (
				F92423152C2D615A00C45D20 /* Launch Screen.storyboard in Resources */,
				F924230E2C2D614D00C45D20 /* Preview Assets.xcassets in Resources */,
				F924230B2C2D614D00C45D20 /* Assets.xcassets in Resources */,
			);
			runOnlyForDeploymentPostprocessing = 0;
		};
/* End PBXResourcesBuildPhase section */

/* Begin PBXSourcesBuildPhase section */
		F92422FF2C2D614B00C45D20 /* Sources */ = {
			isa = PBXSourcesBuildPhase;
			buildActionMask = 2147483647;
			files = (
				F92423282C2D619500C45D20 /* Users_1.swift in Sources */,
				F92423092C2D614B00C45D20 /* ContentView.swift in Sources */,
				F92423262C2D619000C45D20 /* Reviewers_2.swift in Sources */,
				F924231F2C2D617D00C45D20 /* d3129.swift in Sources */,
				F924231B2C2D617600C45D20 /* s320.swift in Sources */,
				F924232A2C2D61A200C45D20 /* Users_2.swift in Sources */,
				F92423242C2D618D00C45D20 /* Reviewers_1.swift in Sources */,
				F924232C2C2D61A500C45D20 /* Users_3.swift in Sources */,
				F924231D2C2D617900C45D20 /* w83129.swift in Sources */,
				F92423072C2D614B00C45D20 /* App693App.swift in Sources */,
				F92423182C2D616D00C45D20 /* LoadingView.swift in Sources */,
			);
			runOnlyForDeploymentPostprocessing = 0;
		};
/* End PBXSourcesBuildPhase section */

/* Begin XCBuildConfiguration section */
		F924230F2C2D614D00C45D20 /* Debug */ = {
			isa = XCBuildConfiguration;
			buildSettings = {
				ALWAYS_SEARCH_USER_PATHS = NO;
				ASSETCATALOG_COMPILER_GENERATE_SWIFT_ASSET_SYMBOL_EXTENSIONS = YES;
				CLANG_ANALYZER_NONNULL = YES;
				CLANG_ANALYZER_NUMBER_OBJECT_CONVERSION = YES_AGGRESSIVE;
				CLANG_CXX_LANGUAGE_STANDARD = "gnu++20";
				CLANG_ENABLE_MODULES = YES;
				CLANG_ENABLE_OBJC_ARC = YES;
				CLANG_ENABLE_OBJC_WEAK = YES;
				CLANG_WARN_BLOCK_CAPTURE_AUTORELEASING = YES;
				CLANG_WARN_BOOL_CONVERSION = YES;
				CLANG_WARN_COMMA = YES;
				CLANG_WARN_CONSTANT_CONVERSION = YES;
				CLANG_WARN_DEPRECATED_OBJC_IMPLEMENTATIONS = YES;
				CLANG_WARN_DIRECT_OBJC_ISA_USAGE = YES_ERROR;
				CLANG_WARN_DOCUMENTATION_COMMENTS = YES;
				CLANG_WARN_EMPTY_BODY = YES;
				CLANG_WARN_ENUM_CONVERSION = YES;
				CLANG_WARN_INFINITE_RECURSION = YES;
				CLANG_WARN_INT_CONVERSION = YES;
				CLANG_WARN_NON_LITERAL_NULL_CONVERSION = YES;
				CLANG_WARN_OBJC_IMPLICIT_RETAIN_SELF = YES;
				CLANG_WARN_OBJC_LITERAL_CONVERSION = YES;
				CLANG_WARN_OBJC_ROOT_CLASS = YES_ERROR;
				CLANG_WARN_QUOTED_INCLUDE_IN_FRAMEWORK_HEADER = YES;
				CLANG_WARN_RANGE_LOOP_ANALYSIS = YES;
				CLANG_WARN_STRICT_PROTOTYPES = YES;
				CLANG_WARN_SUSPICIOUS_MOVE = YES;
				CLANG_WARN_UNGUARDED_AVAILABILITY = YES_AGGRESSIVE;
				CLANG_WARN_UNREACHABLE_CODE = YES;
				CLANG_WARN__DUPLICATE_METHOD_MATCH = YES;
				COPY_PHASE_STRIP = NO;
				DEBUG_INFORMATION_FORMAT = dwarf;
				ENABLE_STRICT_OBJC_MSGSEND = YES;
				ENABLE_TESTABILITY = YES;
				ENABLE_USER_SCRIPT_SANDBOXING = YES;
				GCC_C_LANGUAGE_STANDARD = gnu17;
				GCC_DYNAMIC_NO_PIC = NO;
				GCC_NO_COMMON_BLOCKS = YES;
				GCC_OPTIMIZATION_LEVEL = 0;
				GCC_PREPROCESSOR_DEFINITIONS = (
					"DEBUG=1",
					"$(inherited)",
				);
				GCC_WARN_64_TO_32_BIT_CONVERSION = YES;
				GCC_WARN_ABOUT_RETURN_TYPE = YES_ERROR;
				GCC_WARN_UNDECLARED_SELECTOR = YES;
				GCC_WARN_UNINITIALIZED_AUTOS = YES_AGGRESSIVE;
				GCC_WARN_UNUSED_FUNCTION = YES;
				GCC_WARN_UNUSED_VARIABLE = YES;
				IPHONEOS_DEPLOYMENT_TARGET = 14.0;
				LOCALIZATION_PREFERS_STRING_CATALOGS = YES;
				MTL_ENABLE_DEBUG_INFO = INCLUDE_SOURCE;
				MTL_FAST_MATH = YES;
				ONLY_ACTIVE_ARCH = YES;
				SDKROOT = iphoneos;
				SWIFT_ACTIVE_COMPILATION_CONDITIONS = "DEBUG $(inherited)";
				SWIFT_OPTIMIZATION_LEVEL = "-Onone";
			};
			name = Debug;
		};
		F92423102C2D614D00C45D20 /* Release */ = {
			isa = XCBuildConfiguration;
			buildSettings = {
				ALWAYS_SEARCH_USER_PATHS = NO;
				ASSETCATALOG_COMPILER_GENERATE_SWIFT_ASSET_SYMBOL_EXTENSIONS = YES;
				CLANG_ANALYZER_NONNULL = YES;
				CLANG_ANALYZER_NUMBER_OBJECT_CONVERSION = YES_AGGRESSIVE;
				CLANG_CXX_LANGUAGE_STANDARD = "gnu++20";
				CLANG_ENABLE_MODULES = YES;
				CLANG_ENABLE_OBJC_ARC = YES;
				CLANG_ENABLE_OBJC_WEAK = YES;
				CLANG_WARN_BLOCK_CAPTURE_AUTORELEASING = YES;
				CLANG_WARN_BOOL_CONVERSION = YES;
				CLANG_WARN_COMMA = YES;
				CLANG_WARN_CONSTANT_CONVERSION = YES;
				CLANG_WARN_DEPRECATED_OBJC_IMPLEMENTATIONS = YES;
				CLANG_WARN_DIRECT_OBJC_ISA_USAGE = YES_ERROR;
				CLANG_WARN_DOCUMENTATION_COMMENTS = YES;
				CLANG_WARN_EMPTY_BODY = YES;
				CLANG_WARN_ENUM_CONVERSION = YES;
				CLANG_WARN_INFINITE_RECURSION = YES;
				CLANG_WARN_INT_CONVERSION = YES;
				CLANG_WARN_NON_LITERAL_NULL_CONVERSION = YES;
				CLANG_WARN_OBJC_IMPLICIT_RETAIN_SELF = YES;
				CLANG_WARN_OBJC_LITERAL_CONVERSION = YES;
				CLANG_WARN_OBJC_ROOT_CLASS = YES_ERROR;
				CLANG_WARN_QUOTED_INCLUDE_IN_FRAMEWORK_HEADER = YES;
				CLANG_WARN_RANGE_LOOP_ANALYSIS = YES;
				CLANG_WARN_STRICT_PROTOTYPES = YES;
				CLANG_WARN_SUSPICIOUS_MOVE = YES;
				CLANG_WARN_UNGUARDED_AVAILABILITY = YES_AGGRESSIVE;
				CLANG_WARN_UNREACHABLE_CODE = YES;
				CLANG_WARN__DUPLICATE_METHOD_MATCH = YES;
				COPY_PHASE_STRIP = NO;
				DEBUG_INFORMATION_FORMAT = "dwarf-with-dsym";
				ENABLE_NS_ASSERTIONS = NO;
				ENABLE_STRICT_OBJC_MSGSEND = YES;
				ENABLE_USER_SCRIPT_SANDBOXING = YES;
				GCC_C_LANGUAGE_STANDARD = gnu17;
				GCC_NO_COMMON_BLOCKS = YES;
				GCC_WARN_64_TO_32_BIT_CONVERSION = YES;
				GCC_WARN_ABOUT_RETURN_TYPE = YES_ERROR;
				GCC_WARN_UNDECLARED_SELECTOR = YES;
				GCC_WARN_UNINITIALIZED_AUTOS = YES_AGGRESSIVE;
				GCC_WARN_UNUSED_FUNCTION = YES;
				GCC_WARN_UNUSED_VARIABLE = YES;
				IPHONEOS_DEPLOYMENT_TARGET = 14.0;
				LOCALIZATION_PREFERS_STRING_CATALOGS = YES;
				MTL_ENABLE_DEBUG_INFO = NO;
				MTL_FAST_MATH = YES;
				SDKROOT = iphoneos;
				SWIFT_COMPILATION_MODE = wholemodule;
				VALIDATE_PRODUCT = YES;
			};
			name = Release;
		};
		F92423122C2D614D00C45D20 /* Debug */ = {
			isa = XCBuildConfiguration;
			buildSettings = {
				ASSETCATALOG_COMPILER_APPICON_NAME = AppIcon;
				ASSETCATALOG_COMPILER_GLOBAL_ACCENT_COLOR_NAME = AccentColor;
				CODE_SIGN_STYLE = Automatic;
				CURRENT_PROJECT_VERSION = 1;
				DEVELOPMENT_ASSET_PATHS = "\"App693/Preview Content\"";
				ENABLE_PREVIEWS = YES;
				GENERATE_INFOPLIST_FILE = YES;
				INFOPLIST_KEY_CFBundleDisplayName = "Performance Strength";
				INFOPLIST_KEY_UIApplicationSceneManifest_Generation = YES;
				INFOPLIST_KEY_UIApplicationSupportsIndirectInputEvents = YES;
				INFOPLIST_KEY_UILaunchScreen_Generation = YES;
				INFOPLIST_KEY_UILaunchStoryboardName = "Launch Screen.storyboard";
				INFOPLIST_KEY_UISupportedInterfaceOrientations = UIInterfaceOrientationPortrait;
				INFOPLIST_KEY_UISupportedInterfaceOrientations_iPad = "UIInterfaceOrientationLandscapeLeft UIInterfaceOrientationLandscapeRight UIInterfaceOrientationPortrait UIInterfaceOrientationPortraitUpsideDown";
				LD_RUNPATH_SEARCH_PATHS = (
					"$(inherited)",
					"@executable_path/Frameworks",
				);
				MARKETING_VERSION = 1.0;
				PRODUCT_BUNDLE_IDENTIFIER = main.App693;
				PRODUCT_NAME = "$(TARGET_NAME)";
				SUPPORTED_PLATFORMS = "iphoneos iphonesimulator";
				SUPPORTS_MACCATALYST = NO;
				SUPPORTS_MAC_DESIGNED_FOR_IPHONE_IPAD = NO;
				SUPPORTS_XR_DESIGNED_FOR_IPHONE_IPAD = NO;
				SWIFT_EMIT_LOC_STRINGS = YES;
				SWIFT_VERSION = 5.0;
				TARGETED_DEVICE_FAMILY = 1;
			};
			name = Debug;
		};
		F92423132C2D614D00C45D20 /* Release */ = {
			isa = XCBuildConfiguration;
			buildSettings = {
				ASSETCATALOG_COMPILER_APPICON_NAME = AppIcon;
				ASSETCATALOG_COMPILER_GLOBAL_ACCENT_COLOR_NAME = AccentColor;
				CODE_SIGN_STYLE = Automatic;
				CURRENT_PROJECT_VERSION = 1;
				DEVELOPMENT_ASSET_PATHS = "\"App693/Preview Content\"";
				ENABLE_PREVIEWS = YES;
				GENERATE_INFOPLIST_FILE = YES;
				INFOPLIST_KEY_CFBundleDisplayName = "Performance Strength";
				INFOPLIST_KEY_UIApplicationSceneManifest_Generation = YES;
				INFOPLIST_KEY_UIApplicationSupportsIndirectInputEvents = YES;
				INFOPLIST_KEY_UILaunchScreen_Generation = YES;
				INFOPLIST_KEY_UILaunchStoryboardName = "Launch Screen.storyboard";
				INFOPLIST_KEY_UISupportedInterfaceOrientations = UIInterfaceOrientationPortrait;
				INFOPLIST_KEY_UISupportedInterfaceOrientations_iPad = "UIInterfaceOrientationLandscapeLeft UIInterfaceOrientationLandscapeRight UIInterfaceOrientationPortrait UIInterfaceOrientationPortraitUpsideDown";
				LD_RUNPATH_SEARCH_PATHS = (
					"$(inherited)",
					"@executable_path/Frameworks",
				);
				MARKETING_VERSION = 1.0;
				PRODUCT_BUNDLE_IDENTIFIER = main.App693;
				PRODUCT_NAME = "$(TARGET_NAME)";
				SUPPORTED_PLATFORMS = "iphoneos iphonesimulator";
				SUPPORTS_MACCATALYST = NO;
				SUPPORTS_MAC_DESIGNED_FOR_IPHONE_IPAD = NO;
				SUPPORTS_XR_DESIGNED_FOR_IPHONE_IPAD = NO;
				SWIFT_EMIT_LOC_STRINGS = YES;
				SWIFT_VERSION = 5.0;
				TARGETED_DEVICE_FAMILY = 1;
			};
			name = Release;
		};
/* End XCBuildConfiguration section */

/* Begin XCConfigurationList section */
		F92422FE2C2D614B00C45D20 /* Build configuration list for PBXProject "App693" */ = {
			isa = XCConfigurationList;
			buildConfigurations = (
				F924230F2C2D614D00C45D20 /* Debug */,
				F92423102C2D614D00C45D20 /* Release */,
			);
			defaultConfigurationIsVisible = 0;
			defaultConfigurationName = Release;
		};
		F92423112C2D614D00C45D20 /* Build configuration list for PBXNativeTarget "App693" */ = {
			isa = XCConfigurationList;
			buildConfigurations = (
				F92423122C2D614D00C45D20 /* Debug */,
				F92423132C2D614D00C45D20 /* Release */,
			);
			defaultConfigurationIsVisible = 0;
			defaultConfigurationName = Release;
		};
/* End XCConfigurationList section */
	};
	rootObject = F92422FB2C2D614B00C45D20 /* Project object */;
}
